
Microsoft Visual Studio Solution File, Format Version 12.00
# Visual Studio Version 17
VisualStudioVersion = 17.3.32825.248
MinimumVisualStudioVersion = 10.0.40219.1
Project("{9A19103F-16F7-4668-BE54-9A1E7A4F7556}") = "TCH.UI.WPF", "TCH.UI.WPF\TCH.UI.WPF.csproj", "{1B026472-60DC-4800-BCE0-21E2EB657B5F}"
EndProject
Project("{9A19103F-16F7-4668-BE54-9A1E7A4F7556}") = "TCH.ViewModels", "TCH.ViewModels\TCH.ViewModels.csproj", "{EF3507F2-10B5-44C2-B16C-6444C4AE0119}"
EndProject
Project("{FAE04EC0-301F-11D3-BF4B-00C04F79EFBC}") = "TCH.UI.WinForms", "TCH.UI.WinForms\TCH.UI.WinForms.csproj", "{189842D4-B49F-4D2D-AA3F-EA4052B5FBAD}"
EndProject
Global
	GlobalSection(SolutionConfigurationPlatforms) = preSolution
		Debug|Any CPU = Debug|Any CPU
		Release|Any CPU = Release|Any CPU
	EndGlobalSection
	GlobalSection(ProjectConfigurationPlatforms) = postSolution
		{1B026472-60DC-4800-BCE0-21E2EB657B5F}.Debug|Any CPU.ActiveCfg = Debug|Any CPU
		{1B026472-60DC-4800-BCE0-21E2EB657B5F}.Debug|Any CPU.Build.0 = Debug|Any CPU
		{1B026472-60DC-4800-BCE0-21E2EB657B5F}.Release|Any CPU.ActiveCfg = Release|Any CPU
		{1B026472-60DC-4800-BCE0-21E2EB657B5F}.Release|Any CPU.Build.0 = Release|Any CPU
		{EF3507F2-10B5-44C2-B16C-6444C4AE0119}.Debug|Any CPU.ActiveCfg = Debug|Any CPU
		{EF3507F2-10B5-44C2-B16C-6444C4AE0119}.Debug|Any CPU.Build.0 = Debug|Any CPU
		{EF3507F2-10B5-44C2-B16C-6444C4AE0119}.Release|Any CPU.ActiveCfg = Release|Any CPU
		{EF3507F2-10B5-44C2-B16C-6444C4AE0119}.Release|Any CPU.Build.0 = Release|Any CPU
		{189842D4-B49F-4D2D-AA3F-EA4052B5FBAD}.Debug|Any CPU.ActiveCfg = Debug|Any CPU
		{189842D4-B49F-4D2D-AA3F-EA4052B5FBAD}.Debug|Any CPU.Build.0 = Debug|Any CPU
		{189842D4-B49F-4D2D-AA3F-EA4052B5FBAD}.Release|Any CPU.ActiveCfg = Release|Any CPU
		{189842D4-B49F-4D2D-AA3F-EA4052B5FBAD}.Release|Any CPU.Build.0 = Release|Any CPU
	EndGlobalSection
	GlobalSection(SolutionProperties) = preSolution
		HideSolutionNode = FALSE
	EndGlobalSection
	GlobalSection(ExtensibilityGlobals) = postSolution
		SolutionGuid = {436393D8-EA33-467F-A1A8-16FD090B9E90}
	EndGlobalSection
EndGlobal
